
Microsoft Visual Studio Solution File, Format Version 12.00
# Visual Studio Version 17
VisualStudioVersion = 17.10.35027.167
MinimumVisualStudioVersion = 10.0.40219.1
Project("{9A19103F-16F7-4668-BE54-9A1E7A4F7556}") = "BookingManagementRazorPages", "BookingManagementRazorPages\BookingManagementRazorPages.csproj", "{D37A0FD3-0332-4FBD-98B5-1C60D82DA871}"
EndProject
Project("{9A19103F-16F7-4668-BE54-9A1E7A4F7556}") = "BookingManagerBlazorPages", "BookingManagerBlazorPages\BookingManagerBlazorPages.csproj", "{7A1B8D11-3AE6-4761-958D-1255EFA524D5}"
EndProject
Project("{9A19103F-16F7-4668-BE54-9A1E7A4F7556}") = "Repositories", "Repositories\Repositories.csproj", "{64FEDA85-11EE-434F-B0B1-B6FA0FC094A5}"
EndProject
Project("{9A19103F-16F7-4668-BE54-9A1E7A4F7556}") = "Services", "Services\Services.csproj", "{11D6F800-F507-4249-9E10-F5FC5E62CDA3}"
EndProject
Global
	GlobalSection(SolutionConfigurationPlatforms) = preSolution
		Debug|Any CPU = Debug|Any CPU
		Release|Any CPU = Release|Any CPU
	EndGlobalSection
	GlobalSection(ProjectConfigurationPlatforms) = postSolution
		{D37A0FD3-0332-4FBD-98B5-1C60D82DA871}.Debug|Any CPU.ActiveCfg = Debug|Any CPU
		{D37A0FD3-0332-4FBD-98B5-1C60D82DA871}.Debug|Any CPU.Build.0 = Debug|Any CPU
		{D37A0FD3-0332-4FBD-98B5-1C60D82DA871}.Release|Any CPU.ActiveCfg = Release|Any CPU
		{D37A0FD3-0332-4FBD-98B5-1C60D82DA871}.Release|Any CPU.Build.0 = Release|Any CPU
		{7A1B8D11-3AE6-4761-958D-1255EFA524D5}.Debug|Any CPU.ActiveCfg = Debug|Any CPU
		{7A1B8D11-3AE6-4761-958D-1255EFA524D5}.Debug|Any CPU.Build.0 = Debug|Any CPU
		{7A1B8D11-3AE6-4761-958D-1255EFA524D5}.Release|Any CPU.ActiveCfg = Release|Any CPU
		{7A1B8D11-3AE6-4761-958D-1255EFA524D5}.Release|Any CPU.Build.0 = Release|Any CPU
		{64FEDA85-11EE-434F-B0B1-B6FA0FC094A5}.Debug|Any CPU.ActiveCfg = Debug|Any CPU
		{64FEDA85-11EE-434F-B0B1-B6FA0FC094A5}.Debug|Any CPU.Build.0 = Debug|Any CPU
		{64FEDA85-11EE-434F-B0B1-B6FA0FC094A5}.Release|Any CPU.ActiveCfg = Release|Any CPU
		{64FEDA85-11EE-434F-B0B1-B6FA0FC094A5}.Release|Any CPU.Build.0 = Release|Any CPU
		{11D6F800-F507-4249-9E10-F5FC5E62CDA3}.Debug|Any CPU.ActiveCfg = Debug|Any CPU
		{11D6F800-F507-4249-9E10-F5FC5E62CDA3}.Debug|Any CPU.Build.0 = Debug|Any CPU
		{11D6F800-F507-4249-9E10-F5FC5E62CDA3}.Release|Any CPU.ActiveCfg = Release|Any CPU
		{11D6F800-F507-4249-9E10-F5FC5E62CDA3}.Release|Any CPU.Build.0 = Release|Any CPU
	EndGlobalSection
	GlobalSection(SolutionProperties) = preSolution
		HideSolutionNode = FALSE
	EndGlobalSection
	GlobalSection(ExtensibilityGlobals) = postSolution
		SolutionGuid = {A845601F-EE15-40C1-B367-B405A48A5CC8}
	EndGlobalSection
EndGlobal
